
Microsoft Visual Studio Solution File, Format Version 12.00
# Visual Studio Version 17
VisualStudioVersion = 17.0.31521.260
MinimumVisualStudioVersion = 10.0.40219.1
Project("{F2A71F9B-5D33-465A-A702-920D77279786}") = "SmiteSavantDataTool", "SmiteSavantDataTool\SmiteSavantDataTool.fsproj", "{EE6142CB-FA11-4AED-AF8F-E0000D7333E0}"
EndProject
Global
	GlobalSection(SolutionConfigurationPlatforms) = preSolution
		Debug|Any CPU = Debug|Any CPU
		Release|Any CPU = Release|Any CPU
	EndGlobalSection
	GlobalSection(ProjectConfigurationPlatforms) = postSolution
		{EE6142CB-FA11-4AED-AF8F-E0000D7333E0}.Debug|Any CPU.ActiveCfg = Debug|Any CPU
		{EE6142CB-FA11-4AED-AF8F-E0000D7333E0}.Debug|Any CPU.Build.0 = Debug|Any CPU
		{EE6142CB-FA11-4AED-AF8F-E0000D7333E0}.Release|Any CPU.ActiveCfg = Release|Any CPU
		{EE6142CB-FA11-4AED-AF8F-E0000D7333E0}.Release|Any CPU.Build.0 = Release|Any CPU
	EndGlobalSection
	GlobalSection(SolutionProperties) = preSolution
		HideSolutionNode = FALSE
	EndGlobalSection
	GlobalSection(ExtensibilityGlobals) = postSolution
		SolutionGuid = {0DCC4120-8408-4BC6-8BF2-A470705861EC}
	EndGlobalSection
EndGlobal
